
Microsoft Visual Studio Solution File, Format Version 12.00
# Visual Studio Version 16
VisualStudioVersion = 16.0.30804.86
MinimumVisualStudioVersion = 10.0.40219.1
Project("{FAE04EC0-301F-11D3-BF4B-00C04F79EFBC}") = "praxicloud.eventprocessors.hubconsumer", "praxicloud.eventprocessors.hubconsumer\praxicloud.eventprocessors.hubconsumer.csproj", "{D550F0D9-2080-4EE9-832C-01B438161EAD}"
EndProject
Project("{FAE04EC0-301F-11D3-BF4B-00C04F79EFBC}") = "praxicloud.eventprocessors.hubconsumer.storage", "praxicloud.eventprocessors.hubconsumer.storage\praxicloud.eventprocessors.hubconsumer.storage.csproj", "{27204017-328A-4343-A207-A6FEE5F0BD9A}"
EndProject
Project("{FAE04EC0-301F-11D3-BF4B-00C04F79EFBC}") = "praxicloud.eventprocessors.hubconsumer.sample", "praxicloud.eventprocessors.hubconsumer.sample\praxicloud.eventprocessors.hubconsumer.sample.csproj", "{8170F37F-2FA5-4655-9C91-97F6BBA7A290}"
EndProject
Global
	GlobalSection(SolutionConfigurationPlatforms) = preSolution
		Debug|Any CPU = Debug|Any CPU
		Release|Any CPU = Release|Any CPU
	EndGlobalSection
	GlobalSection(ProjectConfigurationPlatforms) = postSolution
		{D550F0D9-2080-4EE9-832C-01B438161EAD}.Debug|Any CPU.ActiveCfg = Debug|Any CPU
		{D550F0D9-2080-4EE9-832C-01B438161EAD}.Debug|Any CPU.Build.0 = Debug|Any CPU
		{D550F0D9-2080-4EE9-832C-01B438161EAD}.Release|Any CPU.ActiveCfg = Release|Any CPU
		{D550F0D9-2080-4EE9-832C-01B438161EAD}.Release|Any CPU.Build.0 = Release|Any CPU
		{27204017-328A-4343-A207-A6FEE5F0BD9A}.Debug|Any CPU.ActiveCfg = Debug|Any CPU
		{27204017-328A-4343-A207-A6FEE5F0BD9A}.Debug|Any CPU.Build.0 = Debug|Any CPU
		{27204017-328A-4343-A207-A6FEE5F0BD9A}.Release|Any CPU.ActiveCfg = Release|Any CPU
		{27204017-328A-4343-A207-A6FEE5F0BD9A}.Release|Any CPU.Build.0 = Release|Any CPU
		{8170F37F-2FA5-4655-9C91-97F6BBA7A290}.Debug|Any CPU.ActiveCfg = Debug|Any CPU
		{8170F37F-2FA5-4655-9C91-97F6BBA7A290}.Debug|Any CPU.Build.0 = Debug|Any CPU
		{8170F37F-2FA5-4655-9C91-97F6BBA7A290}.Release|Any CPU.ActiveCfg = Release|Any CPU
		{8170F37F-2FA5-4655-9C91-97F6BBA7A290}.Release|Any CPU.Build.0 = Release|Any CPU
	EndGlobalSection
	GlobalSection(SolutionProperties) = preSolution
		HideSolutionNode = FALSE
	EndGlobalSection
	GlobalSection(ExtensibilityGlobals) = postSolution
		SolutionGuid = {F0C23FFC-5DDE-4969-A0D8-65A230C68162}
	EndGlobalSection
EndGlobal
